
Microsoft Visual Studio Solution File, Format Version 12.00
# Visual Studio 2013
VisualStudioVersion = 12.0.31101.0
MinimumVisualStudioVersion = 10.0.40219.1
Project("{2150E333-8FDC-42A3-9474-1A3956D46DE8}") = "PublishScripts", "PublishScripts", "{4A120AF6-6971-4173-838C-4CCA8832326A}"
	ProjectSection(SolutionItems) = preProject
		PublishScripts\AzureWebsitePublishModule.psm1 = PublishScripts\AzureWebsitePublishModule.psm1
		PublishScripts\Publish-WebApplicationWebsite.ps1 = PublishScripts\Publish-WebApplicationWebsite.ps1
	EndProjectSection
EndProject
Project("{2150E333-8FDC-42A3-9474-1A3956D46DE8}") = "Configurations", "Configurations", "{034FF45A-6B56-47F1-AC95-51436319CC3A}"
	ProjectSection(SolutionItems) = preProject
		PublishScripts\Configurations\ShakrLabsStatTrackrWebApi-WAWS-dev.json = PublishScripts\Configurations\ShakrLabsStatTrackrWebApi-WAWS-dev.json
		PublishScripts\Configurations\StatTrackerWebApi-WAWS-dev.json = PublishScripts\Configurations\StatTrackerWebApi-WAWS-dev.json
	EndProjectSection
EndProject
Project("{FAE04EC0-301F-11D3-BF4B-00C04F79EFBC}") = "StatTrackr.Data", "StatTrackr.Data\StatTrackr.Data.csproj", "{95B10D68-8B4E-42DA-8286-3E022337FF14}"
EndProject
Project("{FAE04EC0-301F-11D3-BF4B-00C04F79EFBC}") = "StatTrackr.Service", "StatTrackr.Service\StatTrackr.Service.csproj", "{AE45FB12-4A4B-4DEA-9B17-928542B3E148}"
EndProject
Project("{FAE04EC0-301F-11D3-BF4B-00C04F79EFBC}") = "StatTrackr.Model", "StatTrackr.Model\StatTrackr.Model.csproj", "{F3D245C0-AB7D-456D-BE7B-D486B0AA55CC}"
EndProject
Project("{FAE04EC0-301F-11D3-BF4B-00C04F79EFBC}") = "StatTrackr.WebApi", "StatTrackr.WebApi\StatTrackr.WebApi.csproj", "{02BC1FA4-C7B6-4333-9170-D7A3DC08CA74}"
EndProject
Project("{FAE04EC0-301F-11D3-BF4B-00C04F79EFBC}") = "StatTrackr.ServiceModel", "StatTrackr.ServiceModel\StatTrackr.ServiceModel.csproj", "{E698353C-97E7-487D-8F65-A4FBF95023DA}"
EndProject
Global
	GlobalSection(SolutionConfigurationPlatforms) = preSolution
		Debug|Any CPU = Debug|Any CPU
		Debug|ARM = Debug|ARM
		Debug|x64 = Debug|x64
		Debug|x86 = Debug|x86
		Release|Any CPU = Release|Any CPU
		Release|ARM = Release|ARM
		Release|x64 = Release|x64
		Release|x86 = Release|x86
	EndGlobalSection
	GlobalSection(ProjectConfigurationPlatforms) = postSolution
		{95B10D68-8B4E-42DA-8286-3E022337FF14}.Debug|Any CPU.ActiveCfg = Debug|Any CPU
		{95B10D68-8B4E-42DA-8286-3E022337FF14}.Debug|Any CPU.Build.0 = Debug|Any CPU
		{95B10D68-8B4E-42DA-8286-3E022337FF14}.Debug|ARM.ActiveCfg = Debug|Any CPU
		{95B10D68-8B4E-42DA-8286-3E022337FF14}.Debug|x64.ActiveCfg = Debug|Any CPU
		{95B10D68-8B4E-42DA-8286-3E022337FF14}.Debug|x86.ActiveCfg = Debug|Any CPU
		{95B10D68-8B4E-42DA-8286-3E022337FF14}.Release|Any CPU.ActiveCfg = Release|Any CPU
		{95B10D68-8B4E-42DA-8286-3E022337FF14}.Release|Any CPU.Build.0 = Release|Any CPU
		{95B10D68-8B4E-42DA-8286-3E022337FF14}.Release|ARM.ActiveCfg = Release|Any CPU
		{95B10D68-8B4E-42DA-8286-3E022337FF14}.Release|x64.ActiveCfg = Release|Any CPU
		{95B10D68-8B4E-42DA-8286-3E022337FF14}.Release|x86.ActiveCfg = Release|Any CPU
		{AE45FB12-4A4B-4DEA-9B17-928542B3E148}.Debug|Any CPU.ActiveCfg = Debug|Any CPU
		{AE45FB12-4A4B-4DEA-9B17-928542B3E148}.Debug|Any CPU.Build.0 = Debug|Any CPU
		{AE45FB12-4A4B-4DEA-9B17-928542B3E148}.Debug|ARM.ActiveCfg = Debug|Any CPU
		{AE45FB12-4A4B-4DEA-9B17-928542B3E148}.Debug|x64.ActiveCfg = Debug|Any CPU
		{AE45FB12-4A4B-4DEA-9B17-928542B3E148}.Debug|x86.ActiveCfg = Debug|Any CPU
		{AE45FB12-4A4B-4DEA-9B17-928542B3E148}.Release|Any CPU.ActiveCfg = Release|Any CPU
		{AE45FB12-4A4B-4DEA-9B17-928542B3E148}.Release|Any CPU.Build.0 = Release|Any CPU
		{AE45FB12-4A4B-4DEA-9B17-928542B3E148}.Release|ARM.ActiveCfg = Release|Any CPU
		{AE45FB12-4A4B-4DEA-9B17-928542B3E148}.Release|x64.ActiveCfg = Release|Any CPU
		{AE45FB12-4A4B-4DEA-9B17-928542B3E148}.Release|x86.ActiveCfg = Release|Any CPU
		{F3D245C0-AB7D-456D-BE7B-D486B0AA55CC}.Debug|Any CPU.ActiveCfg = Debug|Any CPU
		{F3D245C0-AB7D-456D-BE7B-D486B0AA55CC}.Debug|Any CPU.Build.0 = Debug|Any CPU
		{F3D245C0-AB7D-456D-BE7B-D486B0AA55CC}.Debug|ARM.ActiveCfg = Debug|Any CPU
		{F3D245C0-AB7D-456D-BE7B-D486B0AA55CC}.Debug|x64.ActiveCfg = Debug|Any CPU
		{F3D245C0-AB7D-456D-BE7B-D486B0AA55CC}.Debug|x86.ActiveCfg = Debug|Any CPU
		{F3D245C0-AB7D-456D-BE7B-D486B0AA55CC}.Release|Any CPU.ActiveCfg = Release|Any CPU
		{F3D245C0-AB7D-456D-BE7B-D486B0AA55CC}.Release|Any CPU.Build.0 = Release|Any CPU
		{F3D245C0-AB7D-456D-BE7B-D486B0AA55CC}.Release|ARM.ActiveCfg = Release|Any CPU
		{F3D245C0-AB7D-456D-BE7B-D486B0AA55CC}.Release|x64.ActiveCfg = Release|Any CPU
		{F3D245C0-AB7D-456D-BE7B-D486B0AA55CC}.Release|x86.ActiveCfg = Release|Any CPU
		{02BC1FA4-C7B6-4333-9170-D7A3DC08CA74}.Debug|Any CPU.ActiveCfg = Debug|Any CPU
		{02BC1FA4-C7B6-4333-9170-D7A3DC08CA74}.Debug|Any CPU.Build.0 = Debug|Any CPU
		{02BC1FA4-C7B6-4333-9170-D7A3DC08CA74}.Debug|ARM.ActiveCfg = Debug|Any CPU
		{02BC1FA4-C7B6-4333-9170-D7A3DC08CA74}.Debug|x64.ActiveCfg = Debug|Any CPU
		{02BC1FA4-C7B6-4333-9170-D7A3DC08CA74}.Debug|x86.ActiveCfg = Debug|Any CPU
		{02BC1FA4-C7B6-4333-9170-D7A3DC08CA74}.Release|Any CPU.ActiveCfg = Release|Any CPU
		{02BC1FA4-C7B6-4333-9170-D7A3DC08CA74}.Release|Any CPU.Build.0 = Release|Any CPU
		{02BC1FA4-C7B6-4333-9170-D7A3DC08CA74}.Release|ARM.ActiveCfg = Release|Any CPU
		{02BC1FA4-C7B6-4333-9170-D7A3DC08CA74}.Release|x64.ActiveCfg = Release|Any CPU
		{02BC1FA4-C7B6-4333-9170-D7A3DC08CA74}.Release|x86.ActiveCfg = Release|Any CPU
		{E698353C-97E7-487D-8F65-A4FBF95023DA}.Debug|Any CPU.ActiveCfg = Debug|Any CPU
		{E698353C-97E7-487D-8F65-A4FBF95023DA}.Debug|Any CPU.Build.0 = Debug|Any CPU
		{E698353C-97E7-487D-8F65-A4FBF95023DA}.Debug|ARM.ActiveCfg = Debug|Any CPU
		{E698353C-97E7-487D-8F65-A4FBF95023DA}.Debug|x64.ActiveCfg = Debug|Any CPU
		{E698353C-97E7-487D-8F65-A4FBF95023DA}.Debug|x86.ActiveCfg = Debug|Any CPU
		{E698353C-97E7-487D-8F65-A4FBF95023DA}.Release|Any CPU.ActiveCfg = Release|Any CPU
		{E698353C-97E7-487D-8F65-A4FBF95023DA}.Release|Any CPU.Build.0 = Release|Any CPU
		{E698353C-97E7-487D-8F65-A4FBF95023DA}.Release|ARM.ActiveCfg = Release|Any CPU
		{E698353C-97E7-487D-8F65-A4FBF95023DA}.Release|x64.ActiveCfg = Release|Any CPU
		{E698353C-97E7-487D-8F65-A4FBF95023DA}.Release|x86.ActiveCfg = Release|Any CPU
	EndGlobalSection
	GlobalSection(SolutionProperties) = preSolution
		HideSolutionNode = FALSE
	EndGlobalSection
	GlobalSection(NestedProjects) = preSolution
		{034FF45A-6B56-47F1-AC95-51436319CC3A} = {4A120AF6-6971-4173-838C-4CCA8832326A}
	EndGlobalSection
EndGlobal
